
Microsoft Visual Studio Solution File, Format Version 12.00
# Visual Studio 15
VisualStudioVersion = 15.0.28307.168
MinimumVisualStudioVersion = 10.0.40219.1
Project("{FAE04EC0-301F-11D3-BF4B-00C04F79EFBC}") = "MariottAssignment5", "MariottAssignment5\MariottAssignment5.csproj", "{F2D64A9F-6E08-4D2B-A35B-257DD70F8212}"
EndProject
Global
	GlobalSection(SolutionConfigurationPlatforms) = preSolution
		Debug|Any CPU = Debug|Any CPU
		Release|Any CPU = Release|Any CPU
	EndGlobalSection
	GlobalSection(ProjectConfigurationPlatforms) = postSolution
		{F2D64A9F-6E08-4D2B-A35B-257DD70F8212}.Debug|Any CPU.ActiveCfg = Debug|Any CPU
		{F2D64A9F-6E08-4D2B-A35B-257DD70F8212}.Debug|Any CPU.Build.0 = Debug|Any CPU
		{F2D64A9F-6E08-4D2B-A35B-257DD70F8212}.Release|Any CPU.ActiveCfg = Release|Any CPU
		{F2D64A9F-6E08-4D2B-A35B-257DD70F8212}.Release|Any CPU.Build.0 = Release|Any CPU
	EndGlobalSection
	GlobalSection(SolutionProperties) = preSolution
		HideSolutionNode = FALSE
	EndGlobalSection
	GlobalSection(ExtensibilityGlobals) = postSolution
		SolutionGuid = {A8912A39-BCF0-4EA8-904C-E267AE0B38B2}
	EndGlobalSection
EndGlobal
